
Microsoft Visual Studio Solution File, Format Version 12.00
# Visual Studio Version 16
VisualStudioVersion = 16.0.29709.97
MinimumVisualStudioVersion = 10.0.40219.1
Project("{FAE04EC0-301F-11D3-BF4B-00C04F79EFBC}") = "Strawberries", "Strawberries\Strawberries.csproj", "{A2B87803-C726-477D-AA74-C6BCF82BC63E}"
EndProject
Global
	GlobalSection(SolutionConfigurationPlatforms) = preSolution
		Debug|Any CPU = Debug|Any CPU
		Release|Any CPU = Release|Any CPU
	EndGlobalSection
	GlobalSection(ProjectConfigurationPlatforms) = postSolution
		{A2B87803-C726-477D-AA74-C6BCF82BC63E}.Debug|Any CPU.ActiveCfg = Debug|Any CPU
		{A2B87803-C726-477D-AA74-C6BCF82BC63E}.Debug|Any CPU.Build.0 = Debug|Any CPU
		{A2B87803-C726-477D-AA74-C6BCF82BC63E}.Release|Any CPU.ActiveCfg = Release|Any CPU
		{A2B87803-C726-477D-AA74-C6BCF82BC63E}.Release|Any CPU.Build.0 = Release|Any CPU
	EndGlobalSection
	GlobalSection(SolutionProperties) = preSolution
		HideSolutionNode = FALSE
	EndGlobalSection
	GlobalSection(ExtensibilityGlobals) = postSolution
		SolutionGuid = {8B137037-C2B1-4D9A-86B0-D98B545A8B71}
	EndGlobalSection
EndGlobal
